// !$*UTF8*$!
{
	archiveVersion = 1;
	classes = {
	};
	objectVersion = 55;
	objects = {

/* Begin PBXBuildFile section */
		9817B794272EBFBF00D3C4E5 /* WeatherManager.swift in Sources */ = {isa = PBXBuildFile; fileRef = 9817B793272EBFBF00D3C4E5 /* WeatherManager.swift */; };
		98CB444A272A7B7600745C80 /* AppDelegate.swift in Sources */ = {isa = PBXBuildFile; fileRef = 98CB4449272A7B7600745C80 /* AppDelegate.swift */; };
		98CB444C272A7B7600745C80 /* SceneDelegate.swift in Sources */ = {isa = PBXBuildFile; fileRef = 98CB444B272A7B7600745C80 /* SceneDelegate.swift */; };
		98CB444E272A7B7600745C80 /* WeatherViewController.swift in Sources */ = {isa = PBXBuildFile; fileRef = 98CB444D272A7B7600745C80 /* WeatherViewController.swift */; };
		98CB4451272A7B7600745C80 /* Main.storyboard in Resources */ = {isa = PBXBuildFile; fileRef = 98CB444F272A7B7600745C80 /* Main.storyboard */; };
		98CB4453272A7B7D00745C80 /* Assets.xcassets in Resources */ = {isa = PBXBuildFile; fileRef = 98CB4452272A7B7D00745C80 /* Assets.xcassets */; };
		98CB4456272A7B7D00745C80 /* LaunchScreen.storyboard in Resources */ = {isa = PBXBuildFile; fileRef = 98CB4454272A7B7D00745C80 /* LaunchScreen.storyboard */; };
		98CB4461272A7B7E00745C80 /* ClimaTests.swift in Sources */ = {isa = PBXBuildFile; fileRef = 98CB4460272A7B7E00745C80 /* ClimaTests.swift */; };
		98CB446B272A7B7E00745C80 /* ClimaUITests.swift in Sources */ = {isa = PBXBuildFile; fileRef = 98CB446A272A7B7E00745C80 /* ClimaUITests.swift */; };
		98CB446D272A7B7E00745C80 /* ClimaUITestsLaunchTests.swift in Sources */ = {isa = PBXBuildFile; fileRef = 98CB446C272A7B7E00745C80 /* ClimaUITestsLaunchTests.swift */; };
/* End PBXBuildFile section */

/* Begin PBXContainerItemProxy section */
		98CB445D272A7B7D00745C80 /* PBXContainerItemProxy */ = {
			isa = PBXContainerItemProxy;
			containerPortal = 98CB443E272A7B7600745C80 /* Project object */;
			proxyType = 1;
			remoteGlobalIDString = 98CB4445272A7B7600745C80;
			remoteInfo = Clima;
		};
		98CB4467272A7B7E00745C80 /* PBXContainerItemProxy */ = {
			isa = PBXContainerItemProxy;
			containerPortal = 98CB443E272A7B7600745C80 /* Project object */;
			proxyType = 1;
			remoteGlobalIDString = 98CB4445272A7B7600745C80;
			remoteInfo = Clima;
		};
/* End PBXContainerItemProxy section */

/* Begin PBXFileReference section */
		9817B793272EBFBF00D3C4E5 /* WeatherManager.swift */ = {isa = PBXFileReference; lastKnownFileType = sourcecode.swift; path = WeatherManager.swift; sourceTree = "<group>"; };
		98CB4446272A7B7600745C80 /* Clima.app */ = {isa = PBXFileReference; explicitFileType = wrapper.application; includeInIndex = 0; path = Clima.app; sourceTree = BUILT_PRODUCTS_DIR; };
		98CB4449272A7B7600745C80 /* AppDelegate.swift */ = {isa = PBXFileReference; lastKnownFileType = sourcecode.swift; path = AppDelegate.swift; sourceTree = "<group>"; };
		98CB444B272A7B7600745C80 /* SceneDelegate.swift */ = {isa = PBXFileReference; lastKnownFileType = sourcecode.swift; path = SceneDelegate.swift; sourceTree = "<group>"; };
		98CB444D272A7B7600745C80 /* WeatherViewController.swift */ = {isa = PBXFileReference; lastKnownFileType = sourcecode.swift; path = WeatherViewController.swift; sourceTree = "<group>"; };
		98CB4450272A7B7600745C80 /* Base */ = {isa = PBXFileReference; lastKnownFileType = file.storyboard; name = Base; path = Base.lproj/Main.storyboard; sourceTree = "<group>"; };
		98CB4452272A7B7D00745C80 /* Assets.xcassets */ = {isa = PBXFileReference; lastKnownFileType = folder.assetcatalog; path = Assets.xcassets; sourceTree = "<group>"; };
		98CB4455272A7B7D00745C80 /* Base */ = {isa = PBXFileReference; lastKnownFileType = file.storyboard; name = Base; path = Base.lproj/LaunchScreen.storyboard; sourceTree = "<group>"; };
		98CB4457272A7B7D00745C80 /* Info.plist */ = {isa = PBXFileReference; lastKnownFileType = text.plist.xml; path = Info.plist; sourceTree = "<group>"; };
		98CB445C272A7B7D00745C80 /* ClimaTests.xctest */ = {isa = PBXFileReference; explicitFileType = wrapper.cfbundle; includeInIndex = 0; path = ClimaTests.xctest; sourceTree = BUILT_PRODUCTS_DIR; };
		98CB4460272A7B7E00745C80 /* ClimaTests.swift */ = {isa = PBXFileReference; lastKnownFileType = sourcecode.swift; path = ClimaTests.swift; sourceTree = "<group>"; };
		98CB4466272A7B7E00745C80 /* ClimaUITests.xctest */ = {isa = PBXFileReference; explicitFileType = wrapper.cfbundle; includeInIndex = 0; path = ClimaUITests.xctest; sourceTree = BUILT_PRODUCTS_DIR; };
		98CB446A272A7B7E00745C80 /* ClimaUITests.swift */ = {isa = PBXFileReference; lastKnownFileType = sourcecode.swift; path = ClimaUITests.swift; sourceTree = "<group>"; };
		98CB446C272A7B7E00745C80 /* ClimaUITestsLaunchTests.swift */ = {isa = PBXFileReference; lastKnownFileType = sourcecode.swift; path = ClimaUITestsLaunchTests.swift; sourceTree = "<group>"; };
/* End PBXFileReference section */

/* Begin PBXFrameworksBuildPhase section */
		98CB4443272A7B7600745C80 /* Frameworks */ = {
			isa = PBXFrameworksBuildPhase;
			buildActionMask = 2147483647;
			files = (
			);
			runOnlyForDeploymentPostprocessing = 0;
		};
		98CB4459272A7B7D00745C80 /* Frameworks */ = {
			isa = PBXFrameworksBuildPhase;
			buildActionMask = 2147483647;
			files = (
			);
			runOnlyForDeploymentPostprocessing = 0;
		};
		98CB4463272A7B7E00745C80 /* Frameworks */ = {
			isa = PBXFrameworksBuildPhase;
			buildActionMask = 2147483647;
			files = (
			);
			runOnlyForDeploymentPostprocessing = 0;
		};
/* End PBXFrameworksBuildPhase section */

/* Begin PBXGroup section */
		9817B792272EBF8500D3C4E5 /* model */ = {
			isa = PBXGroup;
			children = (
				9817B793272EBFBF00D3C4E5 /* WeatherManager.swift */,
			);
			path = model;
			sourceTree = "<group>";
		};
		98CB443D272A7B7600745C80 = {
			isa = PBXGroup;
			children = (
				98CB4448272A7B7600745C80 /* Clima */,
				98CB445F272A7B7E00745C80 /* ClimaTests */,
				98CB4469272A7B7E00745C80 /* ClimaUITests */,
				98CB4447272A7B7600745C80 /* Products */,
			);
			sourceTree = "<group>";
		};
		98CB4447272A7B7600745C80 /* Products */ = {
			isa = PBXGroup;
			children = (
				98CB4446272A7B7600745C80 /* Clima.app */,
				98CB445C272A7B7D00745C80 /* ClimaTests.xctest */,
				98CB4466272A7B7E00745C80 /* ClimaUITests.xctest */,
			);
			name = Products;
			sourceTree = "<group>";
		};
		98CB4448272A7B7600745C80 /* Clima */ = {
			isa = PBXGroup;
			children = (
				98CB4449272A7B7600745C80 /* AppDelegate.swift */,
				98CB444B272A7B7600745C80 /* SceneDelegate.swift */,
				9817B792272EBF8500D3C4E5 /* model */,
				98CB4479272A9FF500745C80 /* controller */,
				98CB444F272A7B7600745C80 /* Main.storyboard */,
				98CB4452272A7B7D00745C80 /* Assets.xcassets */,
				98CB4454272A7B7D00745C80 /* LaunchScreen.storyboard */,
				98CB4457272A7B7D00745C80 /* Info.plist */,
			);
			path = Clima;
			sourceTree = "<group>";
		};
		98CB445F272A7B7E00745C80 /* ClimaTests */ = {
			isa = PBXGroup;
			children = (
				98CB4460272A7B7E00745C80 /* ClimaTests.swift */,
			);
			path = ClimaTests;
			sourceTree = "<group>";
		};
		98CB4469272A7B7E00745C80 /* ClimaUITests */ = {
			isa = PBXGroup;
			children = (
				98CB446A272A7B7E00745C80 /* ClimaUITests.swift */,
				98CB446C272A7B7E00745C80 /* ClimaUITestsLaunchTests.swift */,
			);
			path = ClimaUITests;
			sourceTree = "<group>";
		};
		98CB4479272A9FF500745C80 /* controller */ = {
			isa = PBXGroup;
			children = (
				98CB444D272A7B7600745C80 /* WeatherViewController.swift */,
			);
			path = controller;
			sourceTree = "<group>";
		};
/* End PBXGroup section */

/* Begin PBXNativeTarget section */
		98CB4445272A7B7600745C80 /* Clima */ = {
			isa = PBXNativeTarget;
			buildConfigurationList = 98CB4470272A7B7E00745C80 /* Build configuration list for PBXNativeTarget "Clima" */;
			buildPhases = (
				98CB4442272A7B7600745C80 /* Sources */,
				98CB4443272A7B7600745C80 /* Frameworks */,
				98CB4444272A7B7600745C80 /* Resources */,
			);
			buildRules = (
			);
			dependencies = (
			);
			name = Clima;
			productName = Clima;
			productReference = 98CB4446272A7B7600745C80 /* Clima.app */;
			productType = "com.apple.product-type.application";
		};
		98CB445B272A7B7D00745C80 /* ClimaTests */ = {
			isa = PBXNativeTarget;
			buildConfigurationList = 98CB4473272A7B7E00745C80 /* Build configuration list for PBXNativeTarget "ClimaTests" */;
			buildPhases = (
				98CB4458272A7B7D00745C80 /* Sources */,
				98CB4459272A7B7D00745C80 /* Frameworks */,
				98CB445A272A7B7D00745C80 /* Resources */,
			);
			buildRules = (
			);
			dependencies = (
				98CB445E272A7B7D00745C80 /* PBXTargetDependency */,
			);
			name = ClimaTests;
			productName = ClimaTests;
			productReference = 98CB445C272A7B7D00745C80 /* ClimaTests.xctest */;
			productType = "com.apple.product-type.bundle.unit-test";
		};
		98CB4465272A7B7E00745C80 /* ClimaUITests */ = {
			isa = PBXNativeTarget;
			buildConfigurationList = 98CB4476272A7B7E00745C80 /* Build configuration list for PBXNativeTarget "ClimaUITests" */;
			buildPhases = (
				98CB4462272A7B7E00745C80 /* Sources */,
				98CB4463272A7B7E00745C80 /* Frameworks */,
				98CB4464272A7B7E00745C80 /* Resources */,
			);
			buildRules = (
			);
			dependencies = (
				98CB4468272A7B7E00745C80 /* PBXTargetDependency */,
			);
			name = ClimaUITests;
			productName = ClimaUITests;
			productReference = 98CB4466272A7B7E00745C80 /* ClimaUITests.xctest */;
			productType = "com.apple.product-type.bundle.ui-testing";
		};
/* End PBXNativeTarget section */

/* Begin PBXProject section */
		98CB443E272A7B7600745C80 /* Project object */ = {
			isa = PBXProject;
			attributes = {
				BuildIndependentTargetsInParallel = 1;
				LastSwiftUpdateCheck = 1300;
				LastUpgradeCheck = 1300;
				TargetAttributes = {
					98CB4445272A7B7600745C80 = {
						CreatedOnToolsVersion = 13.0;
					};
					98CB445B272A7B7D00745C80 = {
						CreatedOnToolsVersion = 13.0;
						TestTargetID = 98CB4445272A7B7600745C80;
					};
					98CB4465272A7B7E00745C80 = {
						CreatedOnToolsVersion = 13.0;
						TestTargetID = 98CB4445272A7B7600745C80;
					};
				};
			};
			buildConfigurationList = 98CB4441272A7B7600745C80 /* Build configuration list for PBXProject "Clima" */;
			compatibilityVersion = "Xcode 13.0";
			developmentRegion = en;
			hasScannedForEncodings = 0;
			knownRegions = (
				en,
				Base,
			);
			mainGroup = 98CB443D272A7B7600745C80;
			productRefGroup = 98CB4447272A7B7600745C80 /* Products */;
			projectDirPath = "";
			projectRoot = "";
			targets = (
				98CB4445272A7B7600745C80 /* Clima */,
				98CB445B272A7B7D00745C80 /* ClimaTests */,
				98CB4465272A7B7E00745C80 /* ClimaUITests */,
			);
		};
/* End PBXProject section */

/* Begin PBXResourcesBuildPhase section */
		98CB4444272A7B7600745C80 /* Resources */ = {
			isa = PBXResourcesBuildPhase;
			buildActionMask = 2147483647;
			files = (
				98CB4456272A7B7D00745C80 /* LaunchScreen.storyboard in Resources */,
				98CB4453272A7B7D00745C80 /* Assets.xcassets in Resources */,
				98CB4451272A7B7600745C80 /* Main.storyboard in Resources */,
			);
			runOnlyForDeploymentPostprocessing = 0;
		};
		98CB445A272A7B7D00745C80 /* Resources */ = {
			isa = PBXResourcesBuildPhase;
			buildActionMask = 2147483647;
			files = (
			);
			runOnlyForDeploymentPostprocessing = 0;
		};
		98CB4464272A7B7E00745C80 /* Resources */ = {
			isa = PBXResourcesBuildPhase;
			buildActionMask = 2147483647;
			files = (
			);
			runOnlyForDeploymentPostprocessing = 0;
		};
/* End PBXResourcesBuildPhase section */

/* Begin PBXSourcesBuildPhase section */
		98CB4442272A7B7600745C80 /* Sources */ = {
			isa = PBXSourcesBuildPhase;
			buildActionMask = 2147483647;
			files = (
				98CB444E272A7B7600745C80 /* WeatherViewController.swift in Sources */,
				98CB444A272A7B7600745C80 /* AppDelegate.swift in Sources */,
				9817B794272EBFBF00D3C4E5 /* WeatherManager.swift in Sources */,
				98CB444C272A7B7600745C80 /* SceneDelegate.swift in Sources */,
			);
			runOnlyForDeploymentPostprocessing = 0;
		};
		98CB4458272A7B7D00745C80 /* Sources */ = {
			isa = PBXSourcesBuildPhase;
			buildActionMask = 2147483647;
			files = (
				98CB4461272A7B7E00745C80 /* ClimaTests.swift in Sources */,
			);
			runOnlyForDeploymentPostprocessing = 0;
		};
		98CB4462272A7B7E00745C80 /* Sources */ = {
			isa = PBXSourcesBuildPhase;
			buildActionMask = 2147483647;
			files = (
				98CB446B272A7B7E00745C80 /* ClimaUITests.swift in Sources */,
				98CB446D272A7B7E00745C80 /* ClimaUITestsLaunchTests.swift in Sources */,
			);
			runOnlyForDeploymentPostprocessing = 0;
		};
/* End PBXSourcesBuildPhase section */

/* Begin PBXTargetDependency section */
		98CB445E272A7B7D00745C80 /* PBXTargetDependency */ = {
			isa = PBXTargetDependency;
			target = 98CB4445272A7B7600745C80 /* Clima */;
			targetProxy = 98CB445D272A7B7D00745C80 /* PBXContainerItemProxy */;
		};
		98CB4468272A7B7E00745C80 /* PBXTargetDependency */ = {
			isa = PBXTargetDependency;
			target = 98CB4445272A7B7600745C80 /* Clima */;
			targetProxy = 98CB4467272A7B7E00745C80 /* PBXContainerItemProxy */;
		};
/* End PBXTargetDependency section */

/* Begin PBXVariantGroup section */
		98CB444F272A7B7600745C80 /* Main.storyboard */ = {
			isa = PBXVariantGroup;
			children = (
				98CB4450272A7B7600745C80 /* Base */,
			);
			name = Main.storyboard;
			sourceTree = "<group>";
		};
		98CB4454272A7B7D00745C80 /* LaunchScreen.storyboard */ = {
			isa = PBXVariantGroup;
			children = (
				98CB4455272A7B7D00745C80 /* Base */,
			);
			name = LaunchScreen.storyboard;
			sourceTree = "<group>";
		};
/* End PBXVariantGroup section */

/* Begin XCBuildConfiguration section */
		98CB446E272A7B7E00745C80 /* Debug */ = {
			isa = XCBuildConfiguration;
			buildSettings = {
				ALWAYS_SEARCH_USER_PATHS = NO;
				CLANG_ANALYZER_NONNULL = YES;
				CLANG_ANALYZER_NUMBER_OBJECT_CONVERSION = YES_AGGRESSIVE;
				CLANG_CXX_LANGUAGE_STANDARD = "gnu++17";
				CLANG_CXX_LIBRARY = "libc++";
				CLANG_ENABLE_MODULES = YES;
				CLANG_ENABLE_OBJC_ARC = YES;
				CLANG_ENABLE_OBJC_WEAK = YES;
				CLANG_WARN_BLOCK_CAPTURE_AUTORELEASING = YES;
				CLANG_WARN_BOOL_CONVERSION = YES;
				CLANG_WARN_COMMA = YES;
				CLANG_WARN_CONSTANT_CONVERSION = YES;
				CLANG_WARN_DEPRECATED_OBJC_IMPLEMENTATIONS = YES;
				CLANG_WARN_DIRECT_OBJC_ISA_USAGE = YES_ERROR;
				CLANG_WARN_DOCUMENTATION_COMMENTS = YES;
				CLANG_WARN_EMPTY_BODY = YES;
				CLANG_WARN_ENUM_CONVERSION = YES;
				CLANG_WARN_INFINITE_RECURSION = YES;
				CLANG_WARN_INT_CONVERSION = YES;
				CLANG_WARN_NON_LITERAL_NULL_CONVERSION = YES;
				CLANG_WARN_OBJC_IMPLICIT_RETAIN_SELF = YES;
				CLANG_WARN_OBJC_LITERAL_CONVERSION = YES;
				CLANG_WARN_OBJC_ROOT_CLASS = YES_ERROR;
				CLANG_WARN_QUOTED_INCLUDE_IN_FRAMEWORK_HEADER = YES;
				CLANG_WARN_RANGE_LOOP_ANALYSIS = YES;
				CLANG_WARN_STRICT_PROTOTYPES = YES;
				CLANG_WARN_SUSPICIOUS_MOVE = YES;
				CLANG_WARN_UNGUARDED_AVAILABILITY = YES_AGGRESSIVE;
				CLANG_WARN_UNREACHABLE_CODE = YES;
				CLANG_WARN__DUPLICATE_METHOD_MATCH = YES;
				COPY_PHASE_STRIP = NO;
				DEBUG_INFORMATION_FORMAT = dwarf;
				ENABLE_STRICT_OBJC_MSGSEND = YES;
				ENABLE_TESTABILITY = YES;
				GCC_C_LANGUAGE_STANDARD = gnu11;
				GCC_DYNAMIC_NO_PIC = NO;
				GCC_NO_COMMON_BLOCKS = YES;
				GCC_OPTIMIZATION_LEVEL = 0;
				GCC_PREPROCESSOR_DEFINITIONS = (
					"DEBUG=1",
					"$(inherited)",
				);
				GCC_WARN_64_TO_32_BIT_CONVERSION = YES;
				GCC_WARN_ABOUT_RETURN_TYPE = YES_ERROR;
				GCC_WARN_UNDECLARED_SELECTOR = YES;
				GCC_WARN_UNINITIALIZED_AUTOS = YES_AGGRESSIVE;
				GCC_WARN_UNUSED_FUNCTION = YES;
				GCC_WARN_UNUSED_VARIABLE = YES;
				IPHONEOS_DEPLOYMENT_TARGET = 15.0;
				MTL_ENABLE_DEBUG_INFO = INCLUDE_SOURCE;
				MTL_FAST_MATH = YES;
				ONLY_ACTIVE_ARCH = YES;
				SDKROOT = iphoneos;
				SWIFT_ACTIVE_COMPILATION_CONDITIONS = DEBUG;
				SWIFT_OPTIMIZATION_LEVEL = "-Onone";
			};
			name = Debug;
		};
		98CB446F272A7B7E00745C80 /* Release */ = {
			isa = XCBuildConfiguration;
			buildSettings = {
				ALWAYS_SEARCH_USER_PATHS = NO;
				CLANG_ANALYZER_NONNULL = YES;
				CLANG_ANALYZER_NUMBER_OBJECT_CONVERSION = YES_AGGRESSIVE;
				CLANG_CXX_LANGUAGE_STANDARD = "gnu++17";
				CLANG_CXX_LIBRARY = "libc++";
				CLANG_ENABLE_MODULES = YES;
				CLANG_ENABLE_OBJC_ARC = YES;
				CLANG_ENABLE_OBJC_WEAK = YES;
				CLANG_WARN_BLOCK_CAPTURE_AUTORELEASING = YES;
				CLANG_WARN_BOOL_CONVERSION = YES;
				CLANG_WARN_COMMA = YES;
				CLANG_WARN_CONSTANT_CONVERSION = YES;
				CLANG_WARN_DEPRECATED_OBJC_IMPLEMENTATIONS = YES;
				CLANG_WARN_DIRECT_OBJC_ISA_USAGE = YES_ERROR;
				CLANG_WARN_DOCUMENTATION_COMMENTS = YES;
				CLANG_WARN_EMPTY_BODY = YES;
				CLANG_WARN_ENUM_CONVERSION = YES;
				CLANG_WARN_INFINITE_RECURSION = YES;
				CLANG_WARN_INT_CONVERSION = YES;
				CLANG_WARN_NON_LITERAL_NULL_CONVERSION = YES;
				CLANG_WARN_OBJC_IMPLICIT_RETAIN_SELF = YES;
				CLANG_WARN_OBJC_LITERAL_CONVERSION = YES;
				CLANG_WARN_OBJC_ROOT_CLASS = YES_ERROR;
				CLANG_WARN_QUOTED_INCLUDE_IN_FRAMEWORK_HEADER = YES;
				CLANG_WARN_RANGE_LOOP_ANALYSIS = YES;
				CLANG_WARN_STRICT_PROTOTYPES = YES;
				CLANG_WARN_SUSPICIOUS_MOVE = YES;
				CLANG_WARN_UNGUARDED_AVAILABILITY = YES_AGGRESSIVE;
				CLANG_WARN_UNREACHABLE_CODE = YES;
				CLANG_WARN__DUPLICATE_METHOD_MATCH = YES;
				COPY_PHASE_STRIP = NO;
				DEBUG_INFORMATION_FORMAT = "dwarf-with-dsym";
				ENABLE_NS_ASSERTIONS = NO;
				ENABLE_STRICT_OBJC_MSGSEND = YES;
				GCC_C_LANGUAGE_STANDARD = gnu11;
				GCC_NO_COMMON_BLOCKS = YES;
				GCC_WARN_64_TO_32_BIT_CONVERSION = YES;
				GCC_WARN_ABOUT_RETURN_TYPE = YES_ERROR;
				GCC_WARN_UNDECLARED_SELECTOR = YES;
				GCC_WARN_UNINITIALIZED_AUTOS = YES_AGGRESSIVE;
				GCC_WARN_UNUSED_FUNCTION = YES;
				GCC_WARN_UNUSED_VARIABLE = YES;
				IPHONEOS_DEPLOYMENT_TARGET = 15.0;
				MTL_ENABLE_DEBUG_INFO = NO;
				MTL_FAST_MATH = YES;
				SDKROOT = iphoneos;
				SWIFT_COMPILATION_MODE = wholemodule;
				SWIFT_OPTIMIZATION_LEVEL = "-O";
				VALIDATE_PRODUCT = YES;
			};
			name = Release;
		};
		98CB4471272A7B7E00745C80 /* Debug */ = {
			isa = XCBuildConfiguration;
			buildSettings = {
				ASSETCATALOG_COMPILER_APPICON_NAME = AppIcon;
				ASSETCATALOG_COMPILER_GLOBAL_ACCENT_COLOR_NAME = AccentColor;
				CODE_SIGN_STYLE = Automatic;
				CURRENT_PROJECT_VERSION = 1;
				GENERATE_INFOPLIST_FILE = YES;
				INFOPLIST_FILE = Clima/Info.plist;
				INFOPLIST_KEY_UIApplicationSupportsIndirectInputEvents = YES;
				INFOPLIST_KEY_UILaunchStoryboardName = LaunchScreen;
				INFOPLIST_KEY_UIMainStoryboardFile = Main;
				INFOPLIST_KEY_UISupportedInterfaceOrientations_iPad = "UIInterfaceOrientationPortrait UIInterfaceOrientationPortraitUpsideDown UIInterfaceOrientationLandscapeLeft UIInterfaceOrientationLandscapeRight";
				INFOPLIST_KEY_UISupportedInterfaceOrientations_iPhone = "UIInterfaceOrientationPortrait UIInterfaceOrientationLandscapeLeft UIInterfaceOrientationLandscapeRight";
				LD_RUNPATH_SEARCH_PATHS = (
					"$(inherited)",
					"@executable_path/Frameworks",
				);
				MARKETING_VERSION = 1.0;
				PRODUCT_BUNDLE_IDENTIFIER = com.github.almasud.Clima;
				PRODUCT_NAME = "$(TARGET_NAME)";
				SWIFT_EMIT_LOC_STRINGS = YES;
				SWIFT_VERSION = 5.0;
				TARGETED_DEVICE_FAMILY = "1,2";
			};
			name = Debug;
		};
		98CB4472272A7B7E00745C80 /* Release */ = {
			isa = XCBuildConfiguration;
			buildSettings = {
				ASSETCATALOG_COMPILER_APPICON_NAME = AppIcon;
				ASSETCATALOG_COMPILER_GLOBAL_ACCENT_COLOR_NAME = AccentColor;
				CODE_SIGN_STYLE = Automatic;
				CURRENT_PROJECT_VERSION = 1;
				GENERATE_INFOPLIST_FILE = YES;
				INFOPLIST_FILE = Clima/Info.plist;
				INFOPLIST_KEY_UIApplicationSupportsIndirectInputEvents = YES;
				INFOPLIST_KEY_UILaunchStoryboardName = LaunchScreen;
				INFOPLIST_KEY_UIMainStoryboardFile = Main;
				INFOPLIST_KEY_UISupportedInterfaceOrientations_iPad = "UIInterfaceOrientationPortrait UIInterfaceOrientationPortraitUpsideDown UIInterfaceOrientationLandscapeLeft UIInterfaceOrientationLandscapeRight";
				INFOPLIST_KEY_UISupportedInterfaceOrientations_iPhone = "UIInterfaceOrientationPortrait UIInterfaceOrientationLandscapeLeft UIInterfaceOrientationLandscapeRight";
				LD_RUNPATH_SEARCH_PATHS = (
					"$(inherited)",
					"@executable_path/Frameworks",
				);
				MARKETING_VERSION = 1.0;
				PRODUCT_BUNDLE_IDENTIFIER = com.github.almasud.Clima;
				PRODUCT_NAME = "$(TARGET_NAME)";
				SWIFT_EMIT_LOC_STRINGS = YES;
				SWIFT_VERSION = 5.0;
				TARGETED_DEVICE_FAMILY = "1,2";
			};
			name = Release;
		};
		98CB4474272A7B7E00745C80 /* Debug */ = {
			isa = XCBuildConfiguration;
			buildSettings = {
				ALWAYS_EMBED_SWIFT_STANDARD_LIBRARIES = YES;
				BUNDLE_LOADER = "$(TEST_HOST)";
				CODE_SIGN_STYLE = Automatic;
				CURRENT_PROJECT_VERSION = 1;
				GENERATE_INFOPLIST_FILE = YES;
				IPHONEOS_DEPLOYMENT_TARGET = 15.0;
				LD_RUNPATH_SEARCH_PATHS = (
					"$(inherited)",
					"@executable_path/Frameworks",
					"@loader_path/Frameworks",
				);
				MARKETING_VERSION = 1.0;
				PRODUCT_BUNDLE_IDENTIFIER = com.github.almasud.ClimaTests;
				PRODUCT_NAME = "$(TARGET_NAME)";
				SWIFT_EMIT_LOC_STRINGS = NO;
				SWIFT_VERSION = 5.0;
				TARGETED_DEVICE_FAMILY = "1,2";
				TEST_HOST = "$(BUILT_PRODUCTS_DIR)/Clima.app/Clima";
			};
			name = Debug;
		};
		98CB4475272A7B7E00745C80 /* Release */ = {
			isa = XCBuildConfiguration;
			buildSettings = {
				ALWAYS_EMBED_SWIFT_STANDARD_LIBRARIES = YES;
				BUNDLE_LOADER = "$(TEST_HOST)";
				CODE_SIGN_STYLE = Automatic;
				CURRENT_PROJECT_VERSION = 1;
				GENERATE_INFOPLIST_FILE = YES;
				IPHONEOS_DEPLOYMENT_TARGET = 15.0;
				LD_RUNPATH_SEARCH_PATHS = (
					"$(inherited)",
					"@executable_path/Frameworks",
					"@loader_path/Frameworks",
				);
				MARKETING_VERSION = 1.0;
				PRODUCT_BUNDLE_IDENTIFIER = com.github.almasud.ClimaTests;
				PRODUCT_NAME = "$(TARGET_NAME)";
				SWIFT_EMIT_LOC_STRINGS = NO;
				SWIFT_VERSION = 5.0;
				TARGETED_DEVICE_FAMILY = "1,2";
				TEST_HOST = "$(BUILT_PRODUCTS_DIR)/Clima.app/Clima";
			};
			name = Release;
		};
		98CB4477272A7B7E00745C80 /* Debug */ = {
			isa = XCBuildConfiguration;
			buildSettings = {
				ALWAYS_EMBED_SWIFT_STANDARD_LIBRARIES = YES;
				CODE_SIGN_STYLE = Automatic;
				CURRENT_PROJECT_VERSION = 1;
				GENERATE_INFOPLIST_FILE = YES;
				LD_RUNPATH_SEARCH_PATHS = (
					"$(inherited)",
					"@executable_path/Frameworks",
					"@loader_path/Frameworks",
				);
				MARKETING_VERSION = 1.0;
				PRODUCT_BUNDLE_IDENTIFIER = com.github.almasud.ClimaUITests;
				PRODUCT_NAME = "$(TARGET_NAME)";
				SWIFT_EMIT_LOC_STRINGS = NO;
				SWIFT_VERSION = 5.0;
				TARGETED_DEVICE_FAMILY = "1,2";
				TEST_TARGET_NAME = Clima;
			};
			name = Debug;
		};
		98CB4478272A7B7E00745C80 /* Release */ = {
			isa = XCBuildConfiguration;
			buildSettings = {
				ALWAYS_EMBED_SWIFT_STANDARD_LIBRARIES = YES;
				CODE_SIGN_STYLE = Automatic;
				CURRENT_PROJECT_VERSION = 1;
				GENERATE_INFOPLIST_FILE = YES;
				LD_RUNPATH_SEARCH_PATHS = (
					"$(inherited)",
					"@executable_path/Frameworks",
					"@loader_path/Frameworks",
				);
				MARKETING_VERSION = 1.0;
				PRODUCT_BUNDLE_IDENTIFIER = com.github.almasud.ClimaUITests;
				PRODUCT_NAME = "$(TARGET_NAME)";
				SWIFT_EMIT_LOC_STRINGS = NO;
				SWIFT_VERSION = 5.0;
				TARGETED_DEVICE_FAMILY = "1,2";
				TEST_TARGET_NAME = Clima;
			};
			name = Release;
		};
/* End XCBuildConfiguration section */

/* Begin XCConfigurationList section */
		98CB4441272A7B7600745C80 /* Build configuration list for PBXProject "Clima" */ = {
			isa = XCConfigurationList;
			buildConfigurations = (
				98CB446E272A7B7E00745C80 /* Debug */,
				98CB446F272A7B7E00745C80 /* Release */,
			);
			defaultConfigurationIsVisible = 0;
			defaultConfigurationName = Release;
		};
		98CB4470272A7B7E00745C80 /* Build configuration list for PBXNativeTarget "Clima" */ = {
			isa = XCConfigurationList;
			buildConfigurations = (
				98CB4471272A7B7E00745C80 /* Debug */,
				98CB4472272A7B7E00745C80 /* Release */,
			);
			defaultConfigurationIsVisible = 0;
			defaultConfigurationName = Release;
		};
		98CB4473272A7B7E00745C80 /* Build configuration list for PBXNativeTarget "ClimaTests" */ = {
			isa = XCConfigurationList;
			buildConfigurations = (
				98CB4474272A7B7E00745C80 /* Debug */,
				98CB4475272A7B7E00745C80 /* Release */,
			);
			defaultConfigurationIsVisible = 0;
			defaultConfigurationName = Release;
		};
		98CB4476272A7B7E00745C80 /* Build configuration list for PBXNativeTarget "ClimaUITests" */ = {
			isa = XCConfigurationList;
			buildConfigurations = (
				98CB4477272A7B7E00745C80 /* Debug */,
				98CB4478272A7B7E00745C80 /* Release */,
			);
			defaultConfigurationIsVisible = 0;
			defaultConfigurationName = Release;
		};
/* End XCConfigurationList section */
	};
	rootObject = 98CB443E272A7B7600745C80 /* Project object */;
}
